
Microsoft Visual Studio Solution File, Format Version 12.00
# Visual Studio Version 16
VisualStudioVersion = 16.0.31105.61
MinimumVisualStudioVersion = 10.0.40219.1
Project("{9A19103F-16F7-4668-BE54-9A1E7A4F7556}") = "FreightTransport", "FreightTransport\FreightTransport.csproj", "{AFA47642-97AD-4C57-AD41-8F6B28C1E9C6}"
EndProject
Project("{9A19103F-16F7-4668-BE54-9A1E7A4F7556}") = "FreightTransport_DAL", "FreightTransport_DAL\FreightTransport_DAL.csproj", "{36653846-12B7-4638-A549-CF2C273F0701}"
EndProject
Project("{9A19103F-16F7-4668-BE54-9A1E7A4F7556}") = "FreightTransport_BLL", "FreightTransport_BLL\FreightTransport_BLL.csproj", "{A41EA2DD-9618-4220-A405-1B91A6EA2692}"
EndProject
Project("{9A19103F-16F7-4668-BE54-9A1E7A4F7556}") = "FreightTransport_Client", "FreightTransport_Client\FreightTransport_Client.csproj", "{B1BCE0E1-E243-483A-8B3D-0772B7BC7FAE}"
EndProject
Project("{9A19103F-16F7-4668-BE54-9A1E7A4F7556}") = "IDserv", "IDserv\IDserv.csproj", "{3FEBF693-1422-434E-8C18-9B478652C22A}"
EndProject
Project("{2150E333-8FDC-42A3-9474-1A3956D46DE8}") = "Services", "Services", "{379195E7-B4CF-472E-91C1-BD268E9203E6}"
EndProject
Project("{2150E333-8FDC-42A3-9474-1A3956D46DE8}") = "Location", "Location", "{8C870CAD-4B99-4E6D-8E8B-537ACF21469A}"
EndProject
Project("{9A19103F-16F7-4668-BE54-9A1E7A4F7556}") = "Location", "Location\Location.csproj", "{7634AD46-D398-4F11-8A7A-E1BAD4A05B57}"
EndProject
Project("{2150E333-8FDC-42A3-9474-1A3956D46DE8}") = "ApiGateway", "ApiGateway", "{B00A8DE0-08F0-4964-A016-FBA42362550D}"
EndProject
Project("{9A19103F-16F7-4668-BE54-9A1E7A4F7556}") = "OcelotGateway", "OcelotGateway\OcelotGateway.csproj", "{1ED3F83D-4099-4400-91C8-08184CBE890F}"
EndProject
Project("{2150E333-8FDC-42A3-9474-1A3956D46DE8}") = "Transportation", "Transportation", "{AC36A26D-519C-482B-A6B6-B82A99CAB647}"
EndProject
Project("{2150E333-8FDC-42A3-9474-1A3956D46DE8}") = "Client", "Client", "{CB82F802-6297-4B5E-B0E5-250A08B7D2EC}"
EndProject
Project("{2150E333-8FDC-42A3-9474-1A3956D46DE8}") = "IdentityServer", "IdentityServer", "{F8C8080F-465F-4B6D-A791-3F0D61FF13EA}"
EndProject
Project("{2150E333-8FDC-42A3-9474-1A3956D46DE8}") = "Cargoo", "Cargoo", "{0A137E0F-BDF1-487D-8E6B-ECEA6150A49C}"
EndProject
Project("{9A19103F-16F7-4668-BE54-9A1E7A4F7556}") = "Cargo_API", "Cargo_API\Cargo_API.csproj", "{426456C5-CC1E-459C-B330-865A5B1D8A06}"
EndProject
Project("{9A19103F-16F7-4668-BE54-9A1E7A4F7556}") = "Cargo_Infrastructure", "Cargo_Infrastructure\Cargo_Infrastructure.csproj", "{DBF3E5CA-3AED-4890-904E-80CAF6910FE8}"
EndProject
Project("{9A19103F-16F7-4668-BE54-9A1E7A4F7556}") = "Cargo_Application", "Cargo_Application\Cargo_Application.csproj", "{B717BEB1-A301-49BE-AB53-BDB72E6B9181}"
EndProject
Project("{9A19103F-16F7-4668-BE54-9A1E7A4F7556}") = "Cargo_Domain", "Cargo_Domain\Cargo_Domain.csproj", "{94FDFA73-EBB7-40AA-9664-D16A213AC8AA}"
EndProject
Project("{9A19103F-16F7-4668-BE54-9A1E7A4F7556}") = "Aggregator", "Aggregator\Aggregator.csproj", "{92AE840F-BD61-452E-8DF5-68F89EF217EB}"
EndProject
Project("{2150E333-8FDC-42A3-9474-1A3956D46DE8}") = "Tests", "Tests", "{2F8B2D46-64FA-44B2-A243-C834CE3B58A9}"
EndProject
Project("{2150E333-8FDC-42A3-9474-1A3956D46DE8}") = "UnitTests", "UnitTests", "{A836095D-8C10-4F05-BBA3-5C4C11E1C94B}"
EndProject
Project("{FAE04EC0-301F-11D3-BF4B-00C04F79EFBC}") = "TransportationTests", "TransportationTests\TransportationTests.csproj", "{D7BF0127-4C35-4D7D-AFC3-B4B7730A7305}"
EndProject
Global
	GlobalSection(SolutionConfigurationPlatforms) = preSolution
		Debug|Any CPU = Debug|Any CPU
		f|Any CPU = f|Any CPU
		Release|Any CPU = Release|Any CPU
	EndGlobalSection
	GlobalSection(ProjectConfigurationPlatforms) = postSolution
		{AFA47642-97AD-4C57-AD41-8F6B28C1E9C6}.Debug|Any CPU.ActiveCfg = Debug|Any CPU
		{AFA47642-97AD-4C57-AD41-8F6B28C1E9C6}.Debug|Any CPU.Build.0 = Debug|Any CPU
		{AFA47642-97AD-4C57-AD41-8F6B28C1E9C6}.f|Any CPU.ActiveCfg = f|Any CPU
		{AFA47642-97AD-4C57-AD41-8F6B28C1E9C6}.f|Any CPU.Build.0 = f|Any CPU
		{AFA47642-97AD-4C57-AD41-8F6B28C1E9C6}.Release|Any CPU.ActiveCfg = Release|Any CPU
		{AFA47642-97AD-4C57-AD41-8F6B28C1E9C6}.Release|Any CPU.Build.0 = Release|Any CPU
		{36653846-12B7-4638-A549-CF2C273F0701}.Debug|Any CPU.ActiveCfg = Debug|Any CPU
		{36653846-12B7-4638-A549-CF2C273F0701}.Debug|Any CPU.Build.0 = Debug|Any CPU
		{36653846-12B7-4638-A549-CF2C273F0701}.f|Any CPU.ActiveCfg = f|Any CPU
		{36653846-12B7-4638-A549-CF2C273F0701}.f|Any CPU.Build.0 = f|Any CPU
		{36653846-12B7-4638-A549-CF2C273F0701}.Release|Any CPU.ActiveCfg = Release|Any CPU
		{36653846-12B7-4638-A549-CF2C273F0701}.Release|Any CPU.Build.0 = Release|Any CPU
		{A41EA2DD-9618-4220-A405-1B91A6EA2692}.Debug|Any CPU.ActiveCfg = Debug|Any CPU
		{A41EA2DD-9618-4220-A405-1B91A6EA2692}.Debug|Any CPU.Build.0 = Debug|Any CPU
		{A41EA2DD-9618-4220-A405-1B91A6EA2692}.f|Any CPU.ActiveCfg = f|Any CPU
		{A41EA2DD-9618-4220-A405-1B91A6EA2692}.f|Any CPU.Build.0 = f|Any CPU
		{A41EA2DD-9618-4220-A405-1B91A6EA2692}.Release|Any CPU.ActiveCfg = Release|Any CPU
		{A41EA2DD-9618-4220-A405-1B91A6EA2692}.Release|Any CPU.Build.0 = Release|Any CPU
		{B1BCE0E1-E243-483A-8B3D-0772B7BC7FAE}.Debug|Any CPU.ActiveCfg = Debug|Any CPU
		{B1BCE0E1-E243-483A-8B3D-0772B7BC7FAE}.Debug|Any CPU.Build.0 = Debug|Any CPU
		{B1BCE0E1-E243-483A-8B3D-0772B7BC7FAE}.f|Any CPU.ActiveCfg = f|Any CPU
		{B1BCE0E1-E243-483A-8B3D-0772B7BC7FAE}.f|Any CPU.Build.0 = f|Any CPU
		{B1BCE0E1-E243-483A-8B3D-0772B7BC7FAE}.Release|Any CPU.ActiveCfg = Release|Any CPU
		{B1BCE0E1-E243-483A-8B3D-0772B7BC7FAE}.Release|Any CPU.Build.0 = Release|Any CPU
		{3FEBF693-1422-434E-8C18-9B478652C22A}.Debug|Any CPU.ActiveCfg = Debug|Any CPU
		{3FEBF693-1422-434E-8C18-9B478652C22A}.Debug|Any CPU.Build.0 = Debug|Any CPU
		{3FEBF693-1422-434E-8C18-9B478652C22A}.f|Any CPU.ActiveCfg = Debug|Any CPU
		{3FEBF693-1422-434E-8C18-9B478652C22A}.f|Any CPU.Build.0 = Debug|Any CPU
		{3FEBF693-1422-434E-8C18-9B478652C22A}.Release|Any CPU.ActiveCfg = Release|Any CPU
		{3FEBF693-1422-434E-8C18-9B478652C22A}.Release|Any CPU.Build.0 = Release|Any CPU
		{7634AD46-D398-4F11-8A7A-E1BAD4A05B57}.Debug|Any CPU.ActiveCfg = Debug|Any CPU
		{7634AD46-D398-4F11-8A7A-E1BAD4A05B57}.Debug|Any CPU.Build.0 = Debug|Any CPU
		{7634AD46-D398-4F11-8A7A-E1BAD4A05B57}.f|Any CPU.ActiveCfg = Debug|Any CPU
		{7634AD46-D398-4F11-8A7A-E1BAD4A05B57}.f|Any CPU.Build.0 = Debug|Any CPU
		{7634AD46-D398-4F11-8A7A-E1BAD4A05B57}.Release|Any CPU.ActiveCfg = Release|Any CPU
		{7634AD46-D398-4F11-8A7A-E1BAD4A05B57}.Release|Any CPU.Build.0 = Release|Any CPU
		{1ED3F83D-4099-4400-91C8-08184CBE890F}.Debug|Any CPU.ActiveCfg = Debug|Any CPU
		{1ED3F83D-4099-4400-91C8-08184CBE890F}.Debug|Any CPU.Build.0 = Debug|Any CPU
		{1ED3F83D-4099-4400-91C8-08184CBE890F}.f|Any CPU.ActiveCfg = Debug|Any CPU
		{1ED3F83D-4099-4400-91C8-08184CBE890F}.f|Any CPU.Build.0 = Debug|Any CPU
		{1ED3F83D-4099-4400-91C8-08184CBE890F}.Release|Any CPU.ActiveCfg = Release|Any CPU
		{1ED3F83D-4099-4400-91C8-08184CBE890F}.Release|Any CPU.Build.0 = Release|Any CPU
		{426456C5-CC1E-459C-B330-865A5B1D8A06}.Debug|Any CPU.ActiveCfg = Debug|Any CPU
		{426456C5-CC1E-459C-B330-865A5B1D8A06}.Debug|Any CPU.Build.0 = Debug|Any CPU
		{426456C5-CC1E-459C-B330-865A5B1D8A06}.f|Any CPU.ActiveCfg = Debug|Any CPU
		{426456C5-CC1E-459C-B330-865A5B1D8A06}.f|Any CPU.Build.0 = Debug|Any CPU
		{426456C5-CC1E-459C-B330-865A5B1D8A06}.Release|Any CPU.ActiveCfg = Release|Any CPU
		{426456C5-CC1E-459C-B330-865A5B1D8A06}.Release|Any CPU.Build.0 = Release|Any CPU
		{DBF3E5CA-3AED-4890-904E-80CAF6910FE8}.Debug|Any CPU.ActiveCfg = Debug|Any CPU
		{DBF3E5CA-3AED-4890-904E-80CAF6910FE8}.Debug|Any CPU.Build.0 = Debug|Any CPU
		{DBF3E5CA-3AED-4890-904E-80CAF6910FE8}.f|Any CPU.ActiveCfg = Debug|Any CPU
		{DBF3E5CA-3AED-4890-904E-80CAF6910FE8}.f|Any CPU.Build.0 = Debug|Any CPU
		{DBF3E5CA-3AED-4890-904E-80CAF6910FE8}.Release|Any CPU.ActiveCfg = Release|Any CPU
		{DBF3E5CA-3AED-4890-904E-80CAF6910FE8}.Release|Any CPU.Build.0 = Release|Any CPU
		{B717BEB1-A301-49BE-AB53-BDB72E6B9181}.Debug|Any CPU.ActiveCfg = Debug|Any CPU
		{B717BEB1-A301-49BE-AB53-BDB72E6B9181}.Debug|Any CPU.Build.0 = Debug|Any CPU
		{B717BEB1-A301-49BE-AB53-BDB72E6B9181}.f|Any CPU.ActiveCfg = Debug|Any CPU
		{B717BEB1-A301-49BE-AB53-BDB72E6B9181}.f|Any CPU.Build.0 = Debug|Any CPU
		{B717BEB1-A301-49BE-AB53-BDB72E6B9181}.Release|Any CPU.ActiveCfg = Release|Any CPU
		{B717BEB1-A301-49BE-AB53-BDB72E6B9181}.Release|Any CPU.Build.0 = Release|Any CPU
		{94FDFA73-EBB7-40AA-9664-D16A213AC8AA}.Debug|Any CPU.ActiveCfg = Debug|Any CPU
		{94FDFA73-EBB7-40AA-9664-D16A213AC8AA}.Debug|Any CPU.Build.0 = Debug|Any CPU
		{94FDFA73-EBB7-40AA-9664-D16A213AC8AA}.f|Any CPU.ActiveCfg = Debug|Any CPU
		{94FDFA73-EBB7-40AA-9664-D16A213AC8AA}.f|Any CPU.Build.0 = Debug|Any CPU
		{94FDFA73-EBB7-40AA-9664-D16A213AC8AA}.Release|Any CPU.ActiveCfg = Release|Any CPU
		{94FDFA73-EBB7-40AA-9664-D16A213AC8AA}.Release|Any CPU.Build.0 = Release|Any CPU
		{92AE840F-BD61-452E-8DF5-68F89EF217EB}.Debug|Any CPU.ActiveCfg = Debug|Any CPU
		{92AE840F-BD61-452E-8DF5-68F89EF217EB}.Debug|Any CPU.Build.0 = Debug|Any CPU
		{92AE840F-BD61-452E-8DF5-68F89EF217EB}.f|Any CPU.ActiveCfg = Debug|Any CPU
		{92AE840F-BD61-452E-8DF5-68F89EF217EB}.f|Any CPU.Build.0 = Debug|Any CPU
		{92AE840F-BD61-452E-8DF5-68F89EF217EB}.Release|Any CPU.ActiveCfg = Release|Any CPU
		{92AE840F-BD61-452E-8DF5-68F89EF217EB}.Release|Any CPU.Build.0 = Release|Any CPU
		{D7BF0127-4C35-4D7D-AFC3-B4B7730A7305}.Debug|Any CPU.ActiveCfg = Debug|Any CPU
		{D7BF0127-4C35-4D7D-AFC3-B4B7730A7305}.Debug|Any CPU.Build.0 = Debug|Any CPU
		{D7BF0127-4C35-4D7D-AFC3-B4B7730A7305}.f|Any CPU.ActiveCfg = Debug|Any CPU
		{D7BF0127-4C35-4D7D-AFC3-B4B7730A7305}.f|Any CPU.Build.0 = Debug|Any CPU
		{D7BF0127-4C35-4D7D-AFC3-B4B7730A7305}.Release|Any CPU.ActiveCfg = Release|Any CPU
		{D7BF0127-4C35-4D7D-AFC3-B4B7730A7305}.Release|Any CPU.Build.0 = Release|Any CPU
	EndGlobalSection
	GlobalSection(SolutionProperties) = preSolution
		HideSolutionNode = FALSE
	EndGlobalSection
	GlobalSection(NestedProjects) = preSolution
		{AFA47642-97AD-4C57-AD41-8F6B28C1E9C6} = {AC36A26D-519C-482B-A6B6-B82A99CAB647}
		{36653846-12B7-4638-A549-CF2C273F0701} = {AC36A26D-519C-482B-A6B6-B82A99CAB647}
		{A41EA2DD-9618-4220-A405-1B91A6EA2692} = {AC36A26D-519C-482B-A6B6-B82A99CAB647}
		{B1BCE0E1-E243-483A-8B3D-0772B7BC7FAE} = {CB82F802-6297-4B5E-B0E5-250A08B7D2EC}
		{3FEBF693-1422-434E-8C18-9B478652C22A} = {F8C8080F-465F-4B6D-A791-3F0D61FF13EA}
		{8C870CAD-4B99-4E6D-8E8B-537ACF21469A} = {379195E7-B4CF-472E-91C1-BD268E9203E6}
		{7634AD46-D398-4F11-8A7A-E1BAD4A05B57} = {8C870CAD-4B99-4E6D-8E8B-537ACF21469A}
		{1ED3F83D-4099-4400-91C8-08184CBE890F} = {B00A8DE0-08F0-4964-A016-FBA42362550D}
		{AC36A26D-519C-482B-A6B6-B82A99CAB647} = {379195E7-B4CF-472E-91C1-BD268E9203E6}
		{F8C8080F-465F-4B6D-A791-3F0D61FF13EA} = {379195E7-B4CF-472E-91C1-BD268E9203E6}
		{0A137E0F-BDF1-487D-8E6B-ECEA6150A49C} = {379195E7-B4CF-472E-91C1-BD268E9203E6}
		{426456C5-CC1E-459C-B330-865A5B1D8A06} = {0A137E0F-BDF1-487D-8E6B-ECEA6150A49C}
		{DBF3E5CA-3AED-4890-904E-80CAF6910FE8} = {0A137E0F-BDF1-487D-8E6B-ECEA6150A49C}
		{B717BEB1-A301-49BE-AB53-BDB72E6B9181} = {0A137E0F-BDF1-487D-8E6B-ECEA6150A49C}
		{94FDFA73-EBB7-40AA-9664-D16A213AC8AA} = {0A137E0F-BDF1-487D-8E6B-ECEA6150A49C}
		{92AE840F-BD61-452E-8DF5-68F89EF217EB} = {B00A8DE0-08F0-4964-A016-FBA42362550D}
		{A836095D-8C10-4F05-BBA3-5C4C11E1C94B} = {2F8B2D46-64FA-44B2-A243-C834CE3B58A9}
		{D7BF0127-4C35-4D7D-AFC3-B4B7730A7305} = {A836095D-8C10-4F05-BBA3-5C4C11E1C94B}
	EndGlobalSection
	GlobalSection(ExtensibilityGlobals) = postSolution
		SolutionGuid = {2EDE3F7F-BD46-4265-97DB-48DF58CC0770}
	EndGlobalSection
EndGlobal
