
Microsoft Visual Studio Solution File, Format Version 12.00
# Visual Studio Version 16
VisualStudioVersion = 16.0.31105.61
MinimumVisualStudioVersion = 10.0.40219.1
Project("{2150E333-8FDC-42A3-9474-1A3956D46DE8}") = "Services", "Services", "{379195E7-B4CF-472E-91C1-BD268E9203E6}"
EndProject
Project("{2150E333-8FDC-42A3-9474-1A3956D46DE8}") = "Location", "Location", "{8C870CAD-4B99-4E6D-8E8B-537ACF21469A}"
EndProject
Project("{2150E333-8FDC-42A3-9474-1A3956D46DE8}") = "ApiGateway", "ApiGateway", "{B00A8DE0-08F0-4964-A016-FBA42362550D}"
EndProject
Project("{9A19103F-16F7-4668-BE54-9A1E7A4F7556}") = "OcelotGateway", "OcelotGateway\OcelotGateway.csproj", "{1ED3F83D-4099-4400-91C8-08184CBE890F}"
EndProject
Project("{2150E333-8FDC-42A3-9474-1A3956D46DE8}") = "Transportation", "Transportation", "{AC36A26D-519C-482B-A6B6-B82A99CAB647}"
EndProject
Project("{2150E333-8FDC-42A3-9474-1A3956D46DE8}") = "Client", "Client", "{CB82F802-6297-4B5E-B0E5-250A08B7D2EC}"
EndProject
Project("{2150E333-8FDC-42A3-9474-1A3956D46DE8}") = "IdentityServer", "IdentityServer", "{F8C8080F-465F-4B6D-A791-3F0D61FF13EA}"
EndProject
Project("{2150E333-8FDC-42A3-9474-1A3956D46DE8}") = "Tests", "Tests", "{2F8B2D46-64FA-44B2-A243-C834CE3B58A9}"
EndProject
Project("{2150E333-8FDC-42A3-9474-1A3956D46DE8}") = "UnitTests", "UnitTests", "{A836095D-8C10-4F05-BBA3-5C4C11E1C94B}"
EndProject
Project("{2150E333-8FDC-42A3-9474-1A3956D46DE8}") = "IntegrationTests", "IntegrationTests", "{3A5C35BA-F707-42F9-8341-5E59413A2A57}"
EndProject
Project("{2150E333-8FDC-42A3-9474-1A3956D46DE8}") = "Cargo", "Cargo", "{BFDED554-2981-49F6-8337-C95A6A5CF8B7}"
EndProject
Project("{9A19103F-16F7-4668-BE54-9A1E7A4F7556}") = "Cargo_API", "Services\Cargo\Cargo_API\Cargo_API.csproj", "{62D88876-73A9-4745-8BC5-BF285A978F87}"
EndProject
Project("{9A19103F-16F7-4668-BE54-9A1E7A4F7556}") = "Cargo_Infrastructure", "Services\Cargo\Cargo_Infrastructure\Cargo_Infrastructure.csproj", "{F145B0CD-1449-48D2-A236-575F243A4FDF}"
EndProject
Project("{9A19103F-16F7-4668-BE54-9A1E7A4F7556}") = "Cargo_Domain", "Services\Cargo\Cargo_Domain\Cargo_Domain.csproj", "{F38469D6-4E38-468F-B968-C64A18992020}"
EndProject
Project("{9A19103F-16F7-4668-BE54-9A1E7A4F7556}") = "Cargo_Application", "Services\Cargo\Cargo_Application\Cargo_Application.csproj", "{380F669C-90D7-434A-8E99-08C12A53986A}"
EndProject
Project("{9A19103F-16F7-4668-BE54-9A1E7A4F7556}") = "IDserv", "Services\IdentityServer\IDserv\IDserv.csproj", "{D7732ABA-AF0C-45AB-BBE5-B3ECFB19B2E3}"
EndProject
Project("{9A19103F-16F7-4668-BE54-9A1E7A4F7556}") = "Location", "Services\Location\Location\Location.csproj", "{8167524F-BAF2-464F-9FE5-C69BEA4D37E8}"
EndProject
Project("{9A19103F-16F7-4668-BE54-9A1E7A4F7556}") = "FreightTransport", "Services\Transportation\FreightTransport\FreightTransport.csproj", "{83008FC2-7B8D-48DD-9603-D0F55D18997F}"
EndProject
Project("{9A19103F-16F7-4668-BE54-9A1E7A4F7556}") = "FreightTransport_BLL", "Services\Transportation\FreightTransport_BLL\FreightTransport_BLL.csproj", "{89E262EF-1BE5-4800-86F3-DADEB489F967}"
EndProject
Project("{9A19103F-16F7-4668-BE54-9A1E7A4F7556}") = "FreightTransport_DAL", "Services\Transportation\FreightTransport_DAL\FreightTransport_DAL.csproj", "{33379B24-9CF9-458E-8506-E0BE988CEE57}"
EndProject
Project("{9A19103F-16F7-4668-BE54-9A1E7A4F7556}") = "TransportationTests", "Tests\UnitTests\TransportationTests\TransportationTests.csproj", "{8B29BD76-C00C-46B8-BC20-D38A4855BC05}"
EndProject
Project("{9A19103F-16F7-4668-BE54-9A1E7A4F7556}") = "FreightTransport_Client", "Frontend\FreightTransport_Client\FreightTransport_Client.csproj", "{0EB73EF3-493A-42DB-9F37-91307AA1AB5F}"
EndProject
Global
	GlobalSection(SolutionConfigurationPlatforms) = preSolution
		Debug|Any CPU = Debug|Any CPU
		f|Any CPU = f|Any CPU
		Release|Any CPU = Release|Any CPU
	EndGlobalSection
	GlobalSection(ProjectConfigurationPlatforms) = postSolution
		{1ED3F83D-4099-4400-91C8-08184CBE890F}.Debug|Any CPU.ActiveCfg = Debug|Any CPU
		{1ED3F83D-4099-4400-91C8-08184CBE890F}.Debug|Any CPU.Build.0 = Debug|Any CPU
		{1ED3F83D-4099-4400-91C8-08184CBE890F}.f|Any CPU.ActiveCfg = Debug|Any CPU
		{1ED3F83D-4099-4400-91C8-08184CBE890F}.f|Any CPU.Build.0 = Debug|Any CPU
		{1ED3F83D-4099-4400-91C8-08184CBE890F}.Release|Any CPU.ActiveCfg = Release|Any CPU
		{1ED3F83D-4099-4400-91C8-08184CBE890F}.Release|Any CPU.Build.0 = Release|Any CPU
		{62D88876-73A9-4745-8BC5-BF285A978F87}.Debug|Any CPU.ActiveCfg = Debug|Any CPU
		{62D88876-73A9-4745-8BC5-BF285A978F87}.Debug|Any CPU.Build.0 = Debug|Any CPU
		{62D88876-73A9-4745-8BC5-BF285A978F87}.f|Any CPU.ActiveCfg = Debug|Any CPU
		{62D88876-73A9-4745-8BC5-BF285A978F87}.f|Any CPU.Build.0 = Debug|Any CPU
		{62D88876-73A9-4745-8BC5-BF285A978F87}.Release|Any CPU.ActiveCfg = Release|Any CPU
		{62D88876-73A9-4745-8BC5-BF285A978F87}.Release|Any CPU.Build.0 = Release|Any CPU
		{F145B0CD-1449-48D2-A236-575F243A4FDF}.Debug|Any CPU.ActiveCfg = Debug|Any CPU
		{F145B0CD-1449-48D2-A236-575F243A4FDF}.Debug|Any CPU.Build.0 = Debug|Any CPU
		{F145B0CD-1449-48D2-A236-575F243A4FDF}.f|Any CPU.ActiveCfg = Debug|Any CPU
		{F145B0CD-1449-48D2-A236-575F243A4FDF}.f|Any CPU.Build.0 = Debug|Any CPU
		{F145B0CD-1449-48D2-A236-575F243A4FDF}.Release|Any CPU.ActiveCfg = Release|Any CPU
		{F145B0CD-1449-48D2-A236-575F243A4FDF}.Release|Any CPU.Build.0 = Release|Any CPU
		{F38469D6-4E38-468F-B968-C64A18992020}.Debug|Any CPU.ActiveCfg = Debug|Any CPU
		{F38469D6-4E38-468F-B968-C64A18992020}.Debug|Any CPU.Build.0 = Debug|Any CPU
		{F38469D6-4E38-468F-B968-C64A18992020}.f|Any CPU.ActiveCfg = Debug|Any CPU
		{F38469D6-4E38-468F-B968-C64A18992020}.f|Any CPU.Build.0 = Debug|Any CPU
		{F38469D6-4E38-468F-B968-C64A18992020}.Release|Any CPU.ActiveCfg = Release|Any CPU
		{F38469D6-4E38-468F-B968-C64A18992020}.Release|Any CPU.Build.0 = Release|Any CPU
		{380F669C-90D7-434A-8E99-08C12A53986A}.Debug|Any CPU.ActiveCfg = Debug|Any CPU
		{380F669C-90D7-434A-8E99-08C12A53986A}.Debug|Any CPU.Build.0 = Debug|Any CPU
		{380F669C-90D7-434A-8E99-08C12A53986A}.f|Any CPU.ActiveCfg = Debug|Any CPU
		{380F669C-90D7-434A-8E99-08C12A53986A}.f|Any CPU.Build.0 = Debug|Any CPU
		{380F669C-90D7-434A-8E99-08C12A53986A}.Release|Any CPU.ActiveCfg = Release|Any CPU
		{380F669C-90D7-434A-8E99-08C12A53986A}.Release|Any CPU.Build.0 = Release|Any CPU
		{D7732ABA-AF0C-45AB-BBE5-B3ECFB19B2E3}.Debug|Any CPU.ActiveCfg = Debug|Any CPU
		{D7732ABA-AF0C-45AB-BBE5-B3ECFB19B2E3}.Debug|Any CPU.Build.0 = Debug|Any CPU
		{D7732ABA-AF0C-45AB-BBE5-B3ECFB19B2E3}.f|Any CPU.ActiveCfg = Debug|Any CPU
		{D7732ABA-AF0C-45AB-BBE5-B3ECFB19B2E3}.f|Any CPU.Build.0 = Debug|Any CPU
		{D7732ABA-AF0C-45AB-BBE5-B3ECFB19B2E3}.Release|Any CPU.ActiveCfg = Release|Any CPU
		{D7732ABA-AF0C-45AB-BBE5-B3ECFB19B2E3}.Release|Any CPU.Build.0 = Release|Any CPU
		{8167524F-BAF2-464F-9FE5-C69BEA4D37E8}.Debug|Any CPU.ActiveCfg = Debug|Any CPU
		{8167524F-BAF2-464F-9FE5-C69BEA4D37E8}.Debug|Any CPU.Build.0 = Debug|Any CPU
		{8167524F-BAF2-464F-9FE5-C69BEA4D37E8}.f|Any CPU.ActiveCfg = Debug|Any CPU
		{8167524F-BAF2-464F-9FE5-C69BEA4D37E8}.f|Any CPU.Build.0 = Debug|Any CPU
		{8167524F-BAF2-464F-9FE5-C69BEA4D37E8}.Release|Any CPU.ActiveCfg = Release|Any CPU
		{8167524F-BAF2-464F-9FE5-C69BEA4D37E8}.Release|Any CPU.Build.0 = Release|Any CPU
		{83008FC2-7B8D-48DD-9603-D0F55D18997F}.Debug|Any CPU.ActiveCfg = Debug|Any CPU
		{83008FC2-7B8D-48DD-9603-D0F55D18997F}.Debug|Any CPU.Build.0 = Debug|Any CPU
		{83008FC2-7B8D-48DD-9603-D0F55D18997F}.f|Any CPU.ActiveCfg = f|Any CPU
		{83008FC2-7B8D-48DD-9603-D0F55D18997F}.f|Any CPU.Build.0 = f|Any CPU
		{83008FC2-7B8D-48DD-9603-D0F55D18997F}.Release|Any CPU.ActiveCfg = Release|Any CPU
		{83008FC2-7B8D-48DD-9603-D0F55D18997F}.Release|Any CPU.Build.0 = Release|Any CPU
		{89E262EF-1BE5-4800-86F3-DADEB489F967}.Debug|Any CPU.ActiveCfg = Debug|Any CPU
		{89E262EF-1BE5-4800-86F3-DADEB489F967}.Debug|Any CPU.Build.0 = Debug|Any CPU
		{89E262EF-1BE5-4800-86F3-DADEB489F967}.f|Any CPU.ActiveCfg = f|Any CPU
		{89E262EF-1BE5-4800-86F3-DADEB489F967}.f|Any CPU.Build.0 = f|Any CPU
		{89E262EF-1BE5-4800-86F3-DADEB489F967}.Release|Any CPU.ActiveCfg = Release|Any CPU
		{89E262EF-1BE5-4800-86F3-DADEB489F967}.Release|Any CPU.Build.0 = Release|Any CPU
		{33379B24-9CF9-458E-8506-E0BE988CEE57}.Debug|Any CPU.ActiveCfg = Debug|Any CPU
		{33379B24-9CF9-458E-8506-E0BE988CEE57}.Debug|Any CPU.Build.0 = Debug|Any CPU
		{33379B24-9CF9-458E-8506-E0BE988CEE57}.f|Any CPU.ActiveCfg = f|Any CPU
		{33379B24-9CF9-458E-8506-E0BE988CEE57}.f|Any CPU.Build.0 = f|Any CPU
		{33379B24-9CF9-458E-8506-E0BE988CEE57}.Release|Any CPU.ActiveCfg = Release|Any CPU
		{33379B24-9CF9-458E-8506-E0BE988CEE57}.Release|Any CPU.Build.0 = Release|Any CPU
		{8B29BD76-C00C-46B8-BC20-D38A4855BC05}.Debug|Any CPU.ActiveCfg = Debug|Any CPU
		{8B29BD76-C00C-46B8-BC20-D38A4855BC05}.Debug|Any CPU.Build.0 = Debug|Any CPU
		{8B29BD76-C00C-46B8-BC20-D38A4855BC05}.f|Any CPU.ActiveCfg = Debug|Any CPU
		{8B29BD76-C00C-46B8-BC20-D38A4855BC05}.f|Any CPU.Build.0 = Debug|Any CPU
		{8B29BD76-C00C-46B8-BC20-D38A4855BC05}.Release|Any CPU.ActiveCfg = Release|Any CPU
		{8B29BD76-C00C-46B8-BC20-D38A4855BC05}.Release|Any CPU.Build.0 = Release|Any CPU
		{0EB73EF3-493A-42DB-9F37-91307AA1AB5F}.Debug|Any CPU.ActiveCfg = Debug|Any CPU
		{0EB73EF3-493A-42DB-9F37-91307AA1AB5F}.Debug|Any CPU.Build.0 = Debug|Any CPU
		{0EB73EF3-493A-42DB-9F37-91307AA1AB5F}.f|Any CPU.ActiveCfg = f|Any CPU
		{0EB73EF3-493A-42DB-9F37-91307AA1AB5F}.f|Any CPU.Build.0 = f|Any CPU
		{0EB73EF3-493A-42DB-9F37-91307AA1AB5F}.Release|Any CPU.ActiveCfg = Release|Any CPU
		{0EB73EF3-493A-42DB-9F37-91307AA1AB5F}.Release|Any CPU.Build.0 = Release|Any CPU
	EndGlobalSection
	GlobalSection(SolutionProperties) = preSolution
		HideSolutionNode = FALSE
	EndGlobalSection
	GlobalSection(NestedProjects) = preSolution
		{8C870CAD-4B99-4E6D-8E8B-537ACF21469A} = {379195E7-B4CF-472E-91C1-BD268E9203E6}
		{1ED3F83D-4099-4400-91C8-08184CBE890F} = {B00A8DE0-08F0-4964-A016-FBA42362550D}
		{AC36A26D-519C-482B-A6B6-B82A99CAB647} = {379195E7-B4CF-472E-91C1-BD268E9203E6}
		{F8C8080F-465F-4B6D-A791-3F0D61FF13EA} = {379195E7-B4CF-472E-91C1-BD268E9203E6}
		{A836095D-8C10-4F05-BBA3-5C4C11E1C94B} = {2F8B2D46-64FA-44B2-A243-C834CE3B58A9}
		{3A5C35BA-F707-42F9-8341-5E59413A2A57} = {2F8B2D46-64FA-44B2-A243-C834CE3B58A9}
		{BFDED554-2981-49F6-8337-C95A6A5CF8B7} = {379195E7-B4CF-472E-91C1-BD268E9203E6}
		{62D88876-73A9-4745-8BC5-BF285A978F87} = {BFDED554-2981-49F6-8337-C95A6A5CF8B7}
		{F145B0CD-1449-48D2-A236-575F243A4FDF} = {BFDED554-2981-49F6-8337-C95A6A5CF8B7}
		{F38469D6-4E38-468F-B968-C64A18992020} = {BFDED554-2981-49F6-8337-C95A6A5CF8B7}
		{380F669C-90D7-434A-8E99-08C12A53986A} = {BFDED554-2981-49F6-8337-C95A6A5CF8B7}
		{D7732ABA-AF0C-45AB-BBE5-B3ECFB19B2E3} = {F8C8080F-465F-4B6D-A791-3F0D61FF13EA}
		{8167524F-BAF2-464F-9FE5-C69BEA4D37E8} = {8C870CAD-4B99-4E6D-8E8B-537ACF21469A}
		{83008FC2-7B8D-48DD-9603-D0F55D18997F} = {AC36A26D-519C-482B-A6B6-B82A99CAB647}
		{89E262EF-1BE5-4800-86F3-DADEB489F967} = {AC36A26D-519C-482B-A6B6-B82A99CAB647}
		{33379B24-9CF9-458E-8506-E0BE988CEE57} = {AC36A26D-519C-482B-A6B6-B82A99CAB647}
		{8B29BD76-C00C-46B8-BC20-D38A4855BC05} = {A836095D-8C10-4F05-BBA3-5C4C11E1C94B}
		{0EB73EF3-493A-42DB-9F37-91307AA1AB5F} = {CB82F802-6297-4B5E-B0E5-250A08B7D2EC}
	EndGlobalSection
	GlobalSection(ExtensibilityGlobals) = postSolution
		SolutionGuid = {2EDE3F7F-BD46-4265-97DB-48DF58CC0770}
	EndGlobalSection
EndGlobal
