
Microsoft Visual Studio Solution File, Format Version 12.00
# Visual Studio Version 16
VisualStudioVersion = 16.0.31105.61
MinimumVisualStudioVersion = 10.0.40219.1
Project("{9A19103F-16F7-4668-BE54-9A1E7A4F7556}") = "FreightTransport", "FreightTransport\FreightTransport.csproj", "{AFA47642-97AD-4C57-AD41-8F6B28C1E9C6}"
EndProject
Project("{9A19103F-16F7-4668-BE54-9A1E7A4F7556}") = "FreightTransport_DAL", "FreightTransport_DAL\FreightTransport_DAL.csproj", "{36653846-12B7-4638-A549-CF2C273F0701}"
EndProject
Project("{9A19103F-16F7-4668-BE54-9A1E7A4F7556}") = "FreightTransport_BLL", "FreightTransport_BLL\FreightTransport_BLL.csproj", "{A41EA2DD-9618-4220-A405-1B91A6EA2692}"
EndProject
Project("{9A19103F-16F7-4668-BE54-9A1E7A4F7556}") = "IdentityServer", "IdentityServer\IdentityServer.csproj", "{2592675B-C60D-4C1A-8030-4DF87B91EB9E}"
EndProject
Project("{9A19103F-16F7-4668-BE54-9A1E7A4F7556}") = "FreightTransport_Client", "FreightTransport_Client\FreightTransport_Client.csproj", "{B1BCE0E1-E243-483A-8B3D-0772B7BC7FAE}"
EndProject
Global
	GlobalSection(SolutionConfigurationPlatforms) = preSolution
		Debug|Any CPU = Debug|Any CPU
		Release|Any CPU = Release|Any CPU
	EndGlobalSection
	GlobalSection(ProjectConfigurationPlatforms) = postSolution
		{AFA47642-97AD-4C57-AD41-8F6B28C1E9C6}.Debug|Any CPU.ActiveCfg = Debug|Any CPU
		{AFA47642-97AD-4C57-AD41-8F6B28C1E9C6}.Debug|Any CPU.Build.0 = Debug|Any CPU
		{AFA47642-97AD-4C57-AD41-8F6B28C1E9C6}.Release|Any CPU.ActiveCfg = Release|Any CPU
		{AFA47642-97AD-4C57-AD41-8F6B28C1E9C6}.Release|Any CPU.Build.0 = Release|Any CPU
		{36653846-12B7-4638-A549-CF2C273F0701}.Debug|Any CPU.ActiveCfg = Debug|Any CPU
		{36653846-12B7-4638-A549-CF2C273F0701}.Debug|Any CPU.Build.0 = Debug|Any CPU
		{36653846-12B7-4638-A549-CF2C273F0701}.Release|Any CPU.ActiveCfg = Release|Any CPU
		{36653846-12B7-4638-A549-CF2C273F0701}.Release|Any CPU.Build.0 = Release|Any CPU
		{A41EA2DD-9618-4220-A405-1B91A6EA2692}.Debug|Any CPU.ActiveCfg = Debug|Any CPU
		{A41EA2DD-9618-4220-A405-1B91A6EA2692}.Debug|Any CPU.Build.0 = Debug|Any CPU
		{A41EA2DD-9618-4220-A405-1B91A6EA2692}.Release|Any CPU.ActiveCfg = Release|Any CPU
		{A41EA2DD-9618-4220-A405-1B91A6EA2692}.Release|Any CPU.Build.0 = Release|Any CPU
		{2592675B-C60D-4C1A-8030-4DF87B91EB9E}.Debug|Any CPU.ActiveCfg = Debug|Any CPU
		{2592675B-C60D-4C1A-8030-4DF87B91EB9E}.Debug|Any CPU.Build.0 = Debug|Any CPU
		{2592675B-C60D-4C1A-8030-4DF87B91EB9E}.Release|Any CPU.ActiveCfg = Release|Any CPU
		{2592675B-C60D-4C1A-8030-4DF87B91EB9E}.Release|Any CPU.Build.0 = Release|Any CPU
		{B1BCE0E1-E243-483A-8B3D-0772B7BC7FAE}.Debug|Any CPU.ActiveCfg = Debug|Any CPU
		{B1BCE0E1-E243-483A-8B3D-0772B7BC7FAE}.Debug|Any CPU.Build.0 = Debug|Any CPU
		{B1BCE0E1-E243-483A-8B3D-0772B7BC7FAE}.Release|Any CPU.ActiveCfg = Release|Any CPU
		{B1BCE0E1-E243-483A-8B3D-0772B7BC7FAE}.Release|Any CPU.Build.0 = Release|Any CPU
	EndGlobalSection
	GlobalSection(SolutionProperties) = preSolution
		HideSolutionNode = FALSE
	EndGlobalSection
	GlobalSection(ExtensibilityGlobals) = postSolution
		SolutionGuid = {2EDE3F7F-BD46-4265-97DB-48DF58CC0770}
	EndGlobalSection
EndGlobal
